
Microsoft Visual Studio Solution File, Format Version 12.00
# Visual Studio Version 17
VisualStudioVersion = 17.7.34024.191
MinimumVisualStudioVersion = 10.0.40219.1
Project("{9A19103F-16F7-4668-BE54-9A1E7A4F7556}") = "Lab. 2 - Archivos TXT y XML", "Lab. 2 - Archivos TXT y XML\Lab. 2 - Archivos TXT y XML.csproj", "{1AC53EB5-EFA5-402E-A1D9-A687DD72616A}"
EndProject
Project("{FAE04EC0-301F-11D3-BF4B-00C04F79EFBC}") = "BLL", "BLL\BLL.csproj", "{24A6015D-720C-4E31-8A85-0C8CA99432E4}"
EndProject
Global
	GlobalSection(SolutionConfigurationPlatforms) = preSolution
		Debug|Any CPU = Debug|Any CPU
		Release|Any CPU = Release|Any CPU
	EndGlobalSection
	GlobalSection(ProjectConfigurationPlatforms) = postSolution
		{1AC53EB5-EFA5-402E-A1D9-A687DD72616A}.Debug|Any CPU.ActiveCfg = Debug|Any CPU
		{1AC53EB5-EFA5-402E-A1D9-A687DD72616A}.Debug|Any CPU.Build.0 = Debug|Any CPU
		{1AC53EB5-EFA5-402E-A1D9-A687DD72616A}.Release|Any CPU.ActiveCfg = Release|Any CPU
		{1AC53EB5-EFA5-402E-A1D9-A687DD72616A}.Release|Any CPU.Build.0 = Release|Any CPU
		{24A6015D-720C-4E31-8A85-0C8CA99432E4}.Debug|Any CPU.ActiveCfg = Debug|Any CPU
		{24A6015D-720C-4E31-8A85-0C8CA99432E4}.Debug|Any CPU.Build.0 = Debug|Any CPU
		{24A6015D-720C-4E31-8A85-0C8CA99432E4}.Release|Any CPU.ActiveCfg = Release|Any CPU
		{24A6015D-720C-4E31-8A85-0C8CA99432E4}.Release|Any CPU.Build.0 = Release|Any CPU
	EndGlobalSection
	GlobalSection(SolutionProperties) = preSolution
		HideSolutionNode = FALSE
	EndGlobalSection
	GlobalSection(ExtensibilityGlobals) = postSolution
		SolutionGuid = {33BF3D62-EED3-47D8-B6A3-303B2E1E3463}
	EndGlobalSection
EndGlobal
